// !$*UTF8*$!
{
	archiveVersion = 1;
	classes = {
	};
	objectVersion = 56;
	objects = {

/* Begin PBXBuildFile section */
		AC8271AF2BC2E48500246DD7 /* AlertModel.swift in Sources */ = {isa = PBXBuildFile; fileRef = AC8271AE2BC2E48500246DD7 /* AlertModel.swift */; };
		AC8271B12BC2E4E400246DD7 /* AlertPresentor.swift in Sources */ = {isa = PBXBuildFile; fileRef = AC8271B02BC2E4E400246DD7 /* AlertPresentor.swift */; };
		AC8AFB022BC278950069208D /* NetworkClient.swift in Sources */ = {isa = PBXBuildFile; fileRef = AC8AFB012BC278950069208D /* NetworkClient.swift */; };
		AC8AFB042BC280FF0069208D /* QuizStepViewModel.swift in Sources */ = {isa = PBXBuildFile; fileRef = AC8AFB032BC280FF0069208D /* QuizStepViewModel.swift */; };
		AC8AFB062BC281820069208D /* QuestionFactoryDelegate.swift in Sources */ = {isa = PBXBuildFile; fileRef = AC8AFB052BC281820069208D /* QuestionFactoryDelegate.swift */; };
		AC8AFB082BC284980069208D /* QuestionFactory.swift in Sources */ = {isa = PBXBuildFile; fileRef = AC8AFB072BC284980069208D /* QuestionFactory.swift */; };
		AC8AFB0A2BC29A7B0069208D /* QuestionFactoryProtocol.swift in Sources */ = {isa = PBXBuildFile; fileRef = AC8AFB092BC29A7B0069208D /* QuestionFactoryProtocol.swift */; };
		AC8E949B2BD3056600598E9A /* QuizResultsViewModel.swift in Sources */ = {isa = PBXBuildFile; fileRef = AC8E949A2BD3056600598E9A /* QuizResultsViewModel.swift */; };
		AC9476152BD17EA1008B321C /* HeroesQuizPresenter.swift in Sources */ = {isa = PBXBuildFile; fileRef = AC9476142BD17EA1008B321C /* HeroesQuizPresenter.swift */; };
		AC9FC5842B9F0CF9006B2DC5 /* AppDelegate.swift in Sources */ = {isa = PBXBuildFile; fileRef = AC9FC5832B9F0CF9006B2DC5 /* AppDelegate.swift */; };
		AC9FC5862B9F0CF9006B2DC5 /* SceneDelegate.swift in Sources */ = {isa = PBXBuildFile; fileRef = AC9FC5852B9F0CF9006B2DC5 /* SceneDelegate.swift */; };
		AC9FC5882B9F0CF9006B2DC5 /* HeroesQuizViewController.swift in Sources */ = {isa = PBXBuildFile; fileRef = AC9FC5872B9F0CF9006B2DC5 /* HeroesQuizViewController.swift */; };
		AC9FC58B2B9F0CF9006B2DC5 /* Main.storyboard in Resources */ = {isa = PBXBuildFile; fileRef = AC9FC5892B9F0CF9006B2DC5 /* Main.storyboard */; };
		AC9FC58D2B9F0CFA006B2DC5 /* Assets.xcassets in Resources */ = {isa = PBXBuildFile; fileRef = AC9FC58C2B9F0CFA006B2DC5 /* Assets.xcassets */; };
		AC9FC5902B9F0CFA006B2DC5 /* LaunchScreen.storyboard in Resources */ = {isa = PBXBuildFile; fileRef = AC9FC58E2B9F0CFA006B2DC5 /* LaunchScreen.storyboard */; };
		AC9FC5982B9F0D73006B2DC5 /* HeroesDataApiModel.swift in Sources */ = {isa = PBXBuildFile; fileRef = AC9FC5972B9F0D73006B2DC5 /* HeroesDataApiModel.swift */; };
		AC9FC59B2B9F0DFB006B2DC5 /* HeroesLoader.swift in Sources */ = {isa = PBXBuildFile; fileRef = AC9FC59A2B9F0DFB006B2DC5 /* HeroesLoader.swift */; };
		AC9FC59D2B9F0EBB006B2DC5 /* HeroesDataModel.swift in Sources */ = {isa = PBXBuildFile; fileRef = AC9FC59C2B9F0EBB006B2DC5 /* HeroesDataModel.swift */; };
		ACB845C72B9F3CB500A81455 /* YS Display-Bold.ttf in Resources */ = {isa = PBXBuildFile; fileRef = ACB845C52B9F3CB500A81455 /* YS Display-Bold.ttf */; };
		ACB845C82B9F3CB500A81455 /* YS Display-Medium.ttf in Resources */ = {isa = PBXBuildFile; fileRef = ACB845C62B9F3CB500A81455 /* YS Display-Medium.ttf */; };
		ACDD5A5C2BC43EB000EF10C1 /* StatisticServiceProtocol.swift in Sources */ = {isa = PBXBuildFile; fileRef = ACDD5A5B2BC43EB000EF10C1 /* StatisticServiceProtocol.swift */; };
		ACDD5A5E2BC43F1200EF10C1 /* GameRecord.swift in Sources */ = {isa = PBXBuildFile; fileRef = ACDD5A5D2BC43F1200EF10C1 /* GameRecord.swift */; };
		ACDD5A602BC4400D00EF10C1 /* StatisticServiceImplementation.swift in Sources */ = {isa = PBXBuildFile; fileRef = ACDD5A5F2BC4400D00EF10C1 /* StatisticServiceImplementation.swift */; };
/* End PBXBuildFile section */

/* Begin PBXFileReference section */
		AC8271AE2BC2E48500246DD7 /* AlertModel.swift */ = {isa = PBXFileReference; lastKnownFileType = sourcecode.swift; path = AlertModel.swift; sourceTree = "<group>"; };
		AC8271B02BC2E4E400246DD7 /* AlertPresentor.swift */ = {isa = PBXFileReference; lastKnownFileType = sourcecode.swift; path = AlertPresentor.swift; sourceTree = "<group>"; };
		AC8AFB012BC278950069208D /* NetworkClient.swift */ = {isa = PBXFileReference; lastKnownFileType = sourcecode.swift; path = NetworkClient.swift; sourceTree = "<group>"; };
		AC8AFB032BC280FF0069208D /* QuizStepViewModel.swift */ = {isa = PBXFileReference; lastKnownFileType = sourcecode.swift; path = QuizStepViewModel.swift; sourceTree = "<group>"; };
		AC8AFB052BC281820069208D /* QuestionFactoryDelegate.swift */ = {isa = PBXFileReference; lastKnownFileType = sourcecode.swift; path = QuestionFactoryDelegate.swift; sourceTree = "<group>"; };
		AC8AFB072BC284980069208D /* QuestionFactory.swift */ = {isa = PBXFileReference; lastKnownFileType = sourcecode.swift; path = QuestionFactory.swift; sourceTree = "<group>"; };
		AC8AFB092BC29A7B0069208D /* QuestionFactoryProtocol.swift */ = {isa = PBXFileReference; lastKnownFileType = sourcecode.swift; path = QuestionFactoryProtocol.swift; sourceTree = "<group>"; };
		AC8E949A2BD3056600598E9A /* QuizResultsViewModel.swift */ = {isa = PBXFileReference; lastKnownFileType = sourcecode.swift; path = QuizResultsViewModel.swift; sourceTree = "<group>"; };
		AC9476142BD17EA1008B321C /* HeroesQuizPresenter.swift */ = {isa = PBXFileReference; lastKnownFileType = sourcecode.swift; path = HeroesQuizPresenter.swift; sourceTree = "<group>"; };
		AC9FC5802B9F0CF9006B2DC5 /* DotaHeroes.app */ = {isa = PBXFileReference; explicitFileType = wrapper.application; includeInIndex = 0; path = DotaHeroes.app; sourceTree = BUILT_PRODUCTS_DIR; };
		AC9FC5832B9F0CF9006B2DC5 /* AppDelegate.swift */ = {isa = PBXFileReference; lastKnownFileType = sourcecode.swift; path = AppDelegate.swift; sourceTree = "<group>"; };
		AC9FC5852B9F0CF9006B2DC5 /* SceneDelegate.swift */ = {isa = PBXFileReference; lastKnownFileType = sourcecode.swift; path = SceneDelegate.swift; sourceTree = "<group>"; };
		AC9FC5872B9F0CF9006B2DC5 /* HeroesQuizViewController.swift */ = {isa = PBXFileReference; lastKnownFileType = sourcecode.swift; path = HeroesQuizViewController.swift; sourceTree = "<group>"; };
		AC9FC58A2B9F0CF9006B2DC5 /* Base */ = {isa = PBXFileReference; lastKnownFileType = file.storyboard; name = Base; path = Base.lproj/Main.storyboard; sourceTree = "<group>"; };
		AC9FC58C2B9F0CFA006B2DC5 /* Assets.xcassets */ = {isa = PBXFileReference; lastKnownFileType = folder.assetcatalog; path = Assets.xcassets; sourceTree = "<group>"; };
		AC9FC58F2B9F0CFA006B2DC5 /* Base */ = {isa = PBXFileReference; lastKnownFileType = file.storyboard; name = Base; path = Base.lproj/LaunchScreen.storyboard; sourceTree = "<group>"; };
		AC9FC5912B9F0CFA006B2DC5 /* Info.plist */ = {isa = PBXFileReference; lastKnownFileType = text.plist.xml; path = Info.plist; sourceTree = "<group>"; };
		AC9FC5972B9F0D73006B2DC5 /* HeroesDataApiModel.swift */ = {isa = PBXFileReference; lastKnownFileType = sourcecode.swift; path = HeroesDataApiModel.swift; sourceTree = "<group>"; };
		AC9FC59A2B9F0DFB006B2DC5 /* HeroesLoader.swift */ = {isa = PBXFileReference; lastKnownFileType = sourcecode.swift; path = HeroesLoader.swift; sourceTree = "<group>"; };
		AC9FC59C2B9F0EBB006B2DC5 /* HeroesDataModel.swift */ = {isa = PBXFileReference; lastKnownFileType = sourcecode.swift; path = HeroesDataModel.swift; sourceTree = "<group>"; };
		ACB845C52B9F3CB500A81455 /* YS Display-Bold.ttf */ = {isa = PBXFileReference; lastKnownFileType = file; path = "YS Display-Bold.ttf"; sourceTree = "<group>"; };
		ACB845C62B9F3CB500A81455 /* YS Display-Medium.ttf */ = {isa = PBXFileReference; lastKnownFileType = file; path = "YS Display-Medium.ttf"; sourceTree = "<group>"; };
		ACDD5A5B2BC43EB000EF10C1 /* StatisticServiceProtocol.swift */ = {isa = PBXFileReference; lastKnownFileType = sourcecode.swift; path = StatisticServiceProtocol.swift; sourceTree = "<group>"; };
		ACDD5A5D2BC43F1200EF10C1 /* GameRecord.swift */ = {isa = PBXFileReference; lastKnownFileType = sourcecode.swift; path = GameRecord.swift; sourceTree = "<group>"; };
		ACDD5A5F2BC4400D00EF10C1 /* StatisticServiceImplementation.swift */ = {isa = PBXFileReference; lastKnownFileType = sourcecode.swift; path = StatisticServiceImplementation.swift; sourceTree = "<group>"; };
/* End PBXFileReference section */

/* Begin PBXFrameworksBuildPhase section */
		AC9FC57D2B9F0CF9006B2DC5 /* Frameworks */ = {
			isa = PBXFrameworksBuildPhase;
			buildActionMask = 2147483647;
			files = (
			);
			runOnlyForDeploymentPostprocessing = 0;
		};
/* End PBXFrameworksBuildPhase section */

/* Begin PBXGroup section */
		AC8AFAFF2BC26ED80069208D /* Models */ = {
			isa = PBXGroup;
			children = (
				AC9FC5972B9F0D73006B2DC5 /* HeroesDataApiModel.swift */,
				AC9FC59C2B9F0EBB006B2DC5 /* HeroesDataModel.swift */,
				AC8AFB032BC280FF0069208D /* QuizStepViewModel.swift */,
				AC8271AE2BC2E48500246DD7 /* AlertModel.swift */,
				ACDD5A5D2BC43F1200EF10C1 /* GameRecord.swift */,
				AC8E949A2BD3056600598E9A /* QuizResultsViewModel.swift */,
			);
			path = Models;
			sourceTree = "<group>";
		};
		AC8AFB002BC277B90069208D /* Services */ = {
			isa = PBXGroup;
			children = (
				AC8AFB072BC284980069208D /* QuestionFactory.swift */,
				AC8AFB012BC278950069208D /* NetworkClient.swift */,
				AC9FC59A2B9F0DFB006B2DC5 /* HeroesLoader.swift */,
				AC8AFB052BC281820069208D /* QuestionFactoryDelegate.swift */,
				AC8AFB092BC29A7B0069208D /* QuestionFactoryProtocol.swift */,
				AC8271B02BC2E4E400246DD7 /* AlertPresentor.swift */,
				ACDD5A5B2BC43EB000EF10C1 /* StatisticServiceProtocol.swift */,
				ACDD5A5F2BC4400D00EF10C1 /* StatisticServiceImplementation.swift */,
			);
			path = Services;
			sourceTree = "<group>";
		};
		AC9FC5772B9F0CF9006B2DC5 = {
			isa = PBXGroup;
			children = (
				AC8AFB002BC277B90069208D /* Services */,
				AC8AFAFF2BC26ED80069208D /* Models */,
				AC9FC5822B9F0CF9006B2DC5 /* DotaHeroes */,
				AC9FC5812B9F0CF9006B2DC5 /* Products */,
			);
			sourceTree = "<group>";
		};
		AC9FC5812B9F0CF9006B2DC5 /* Products */ = {
			isa = PBXGroup;
			children = (
				AC9FC5802B9F0CF9006B2DC5 /* DotaHeroes.app */,
			);
			name = Products;
			sourceTree = "<group>";
		};
		AC9FC5822B9F0CF9006B2DC5 /* DotaHeroes */ = {
			isa = PBXGroup;
			children = (
				AC9FC5872B9F0CF9006B2DC5 /* HeroesQuizViewController.swift */,
				AC9476142BD17EA1008B321C /* HeroesQuizPresenter.swift */,
				AC9FC5892B9F0CF9006B2DC5 /* Main.storyboard */,
				AC9FC58E2B9F0CFA006B2DC5 /* LaunchScreen.storyboard */,
				AC9FC5912B9F0CFA006B2DC5 /* Info.plist */,
				ACB845C32B9F3C7700A81455 /* Resources */,
			);
			path = DotaHeroes;
			sourceTree = "<group>";
		};
		ACB845C32B9F3C7700A81455 /* Resources */ = {
			isa = PBXGroup;
			children = (
				ACB845C42B9F3CA700A81455 /* Fonts */,
				AC9FC58C2B9F0CFA006B2DC5 /* Assets.xcassets */,
				AC9FC5832B9F0CF9006B2DC5 /* AppDelegate.swift */,
				AC9FC5852B9F0CF9006B2DC5 /* SceneDelegate.swift */,
			);
			path = Resources;
			sourceTree = "<group>";
		};
		ACB845C42B9F3CA700A81455 /* Fonts */ = {
			isa = PBXGroup;
			children = (
				ACB845C52B9F3CB500A81455 /* YS Display-Bold.ttf */,
				ACB845C62B9F3CB500A81455 /* YS Display-Medium.ttf */,
			);
			path = Fonts;
			sourceTree = "<group>";
		};
/* End PBXGroup section */

/* Begin PBXNativeTarget section */
		AC9FC57F2B9F0CF9006B2DC5 /* DotaHeroes */ = {
			isa = PBXNativeTarget;
			buildConfigurationList = AC9FC5942B9F0CFA006B2DC5 /* Build configuration list for PBXNativeTarget "DotaHeroes" */;
			buildPhases = (
				AC9FC57C2B9F0CF9006B2DC5 /* Sources */,
				AC9FC57D2B9F0CF9006B2DC5 /* Frameworks */,
				AC9FC57E2B9F0CF9006B2DC5 /* Resources */,
			);
			buildRules = (
			);
			dependencies = (
			);
			name = DotaHeroes;
			productName = DotaHeroes;
			productReference = AC9FC5802B9F0CF9006B2DC5 /* DotaHeroes.app */;
			productType = "com.apple.product-type.application";
		};
/* End PBXNativeTarget section */

/* Begin PBXProject section */
		AC9FC5782B9F0CF9006B2DC5 /* Project object */ = {
			isa = PBXProject;
			attributes = {
				BuildIndependentTargetsInParallel = 1;
				LastSwiftUpdateCheck = 1520;
				LastUpgradeCheck = 1520;
				TargetAttributes = {
					AC9FC57F2B9F0CF9006B2DC5 = {
						CreatedOnToolsVersion = 15.2;
					};
				};
			};
			buildConfigurationList = AC9FC57B2B9F0CF9006B2DC5 /* Build configuration list for PBXProject "DotaHeroes" */;
			compatibilityVersion = "Xcode 14.0";
			developmentRegion = en;
			hasScannedForEncodings = 0;
			knownRegions = (
				en,
				Base,
			);
			mainGroup = AC9FC5772B9F0CF9006B2DC5;
			productRefGroup = AC9FC5812B9F0CF9006B2DC5 /* Products */;
			projectDirPath = "";
			projectRoot = "";
			targets = (
				AC9FC57F2B9F0CF9006B2DC5 /* DotaHeroes */,
			);
		};
/* End PBXProject section */

/* Begin PBXResourcesBuildPhase section */
		AC9FC57E2B9F0CF9006B2DC5 /* Resources */ = {
			isa = PBXResourcesBuildPhase;
			buildActionMask = 2147483647;
			files = (
				AC9FC5902B9F0CFA006B2DC5 /* LaunchScreen.storyboard in Resources */,
				AC9FC58D2B9F0CFA006B2DC5 /* Assets.xcassets in Resources */,
				AC9FC58B2B9F0CF9006B2DC5 /* Main.storyboard in Resources */,
				ACB845C72B9F3CB500A81455 /* YS Display-Bold.ttf in Resources */,
				ACB845C82B9F3CB500A81455 /* YS Display-Medium.ttf in Resources */,
			);
			runOnlyForDeploymentPostprocessing = 0;
		};
/* End PBXResourcesBuildPhase section */

/* Begin PBXSourcesBuildPhase section */
		AC9FC57C2B9F0CF9006B2DC5 /* Sources */ = {
			isa = PBXSourcesBuildPhase;
			buildActionMask = 2147483647;
			files = (
				AC9FC5982B9F0D73006B2DC5 /* HeroesDataApiModel.swift in Sources */,
				AC9FC5882B9F0CF9006B2DC5 /* HeroesQuizViewController.swift in Sources */,
				AC8AFB0A2BC29A7B0069208D /* QuestionFactoryProtocol.swift in Sources */,
				AC9FC59B2B9F0DFB006B2DC5 /* HeroesLoader.swift in Sources */,
				AC8271AF2BC2E48500246DD7 /* AlertModel.swift in Sources */,
				AC8AFB042BC280FF0069208D /* QuizStepViewModel.swift in Sources */,
				AC9FC59D2B9F0EBB006B2DC5 /* HeroesDataModel.swift in Sources */,
				AC9476152BD17EA1008B321C /* HeroesQuizPresenter.swift in Sources */,
				AC8AFB022BC278950069208D /* NetworkClient.swift in Sources */,
				ACDD5A5C2BC43EB000EF10C1 /* StatisticServiceProtocol.swift in Sources */,
				AC8271B12BC2E4E400246DD7 /* AlertPresentor.swift in Sources */,
				ACDD5A5E2BC43F1200EF10C1 /* GameRecord.swift in Sources */,
				AC8AFB062BC281820069208D /* QuestionFactoryDelegate.swift in Sources */,
				AC9FC5842B9F0CF9006B2DC5 /* AppDelegate.swift in Sources */,
				AC8AFB082BC284980069208D /* QuestionFactory.swift in Sources */,
				ACDD5A602BC4400D00EF10C1 /* StatisticServiceImplementation.swift in Sources */,
				AC8E949B2BD3056600598E9A /* QuizResultsViewModel.swift in Sources */,
				AC9FC5862B9F0CF9006B2DC5 /* SceneDelegate.swift in Sources */,
			);
			runOnlyForDeploymentPostprocessing = 0;
		};
/* End PBXSourcesBuildPhase section */

/* Begin PBXVariantGroup section */
		AC9FC5892B9F0CF9006B2DC5 /* Main.storyboard */ = {
			isa = PBXVariantGroup;
			children = (
				AC9FC58A2B9F0CF9006B2DC5 /* Base */,
			);
			name = Main.storyboard;
			sourceTree = "<group>";
		};
		AC9FC58E2B9F0CFA006B2DC5 /* LaunchScreen.storyboard */ = {
			isa = PBXVariantGroup;
			children = (
				AC9FC58F2B9F0CFA006B2DC5 /* Base */,
			);
			name = LaunchScreen.storyboard;
			sourceTree = "<group>";
		};
/* End PBXVariantGroup section */

/* Begin XCBuildConfiguration section */
		AC9FC5922B9F0CFA006B2DC5 /* Debug */ = {
			isa = XCBuildConfiguration;
			buildSettings = {
				ALWAYS_SEARCH_USER_PATHS = NO;
				ASSETCATALOG_COMPILER_GENERATE_SWIFT_ASSET_SYMBOL_EXTENSIONS = YES;
				CLANG_ANALYZER_NONNULL = YES;
				CLANG_ANALYZER_NUMBER_OBJECT_CONVERSION = YES_AGGRESSIVE;
				CLANG_CXX_LANGUAGE_STANDARD = "gnu++20";
				CLANG_ENABLE_MODULES = YES;
				CLANG_ENABLE_OBJC_ARC = YES;
				CLANG_ENABLE_OBJC_WEAK = YES;
				CLANG_WARN_BLOCK_CAPTURE_AUTORELEASING = YES;
				CLANG_WARN_BOOL_CONVERSION = YES;
				CLANG_WARN_COMMA = YES;
				CLANG_WARN_CONSTANT_CONVERSION = YES;
				CLANG_WARN_DEPRECATED_OBJC_IMPLEMENTATIONS = YES;
				CLANG_WARN_DIRECT_OBJC_ISA_USAGE = YES_ERROR;
				CLANG_WARN_DOCUMENTATION_COMMENTS = YES;
				CLANG_WARN_EMPTY_BODY = YES;
				CLANG_WARN_ENUM_CONVERSION = YES;
				CLANG_WARN_INFINITE_RECURSION = YES;
				CLANG_WARN_INT_CONVERSION = YES;
				CLANG_WARN_NON_LITERAL_NULL_CONVERSION = YES;
				CLANG_WARN_OBJC_IMPLICIT_RETAIN_SELF = YES;
				CLANG_WARN_OBJC_LITERAL_CONVERSION = YES;
				CLANG_WARN_OBJC_ROOT_CLASS = YES_ERROR;
				CLANG_WARN_QUOTED_INCLUDE_IN_FRAMEWORK_HEADER = YES;
				CLANG_WARN_RANGE_LOOP_ANALYSIS = YES;
				CLANG_WARN_STRICT_PROTOTYPES = YES;
				CLANG_WARN_SUSPICIOUS_MOVE = YES;
				CLANG_WARN_UNGUARDED_AVAILABILITY = YES_AGGRESSIVE;
				CLANG_WARN_UNREACHABLE_CODE = YES;
				CLANG_WARN__DUPLICATE_METHOD_MATCH = YES;
				COPY_PHASE_STRIP = NO;
				DEBUG_INFORMATION_FORMAT = dwarf;
				ENABLE_STRICT_OBJC_MSGSEND = YES;
				ENABLE_TESTABILITY = YES;
				ENABLE_USER_SCRIPT_SANDBOXING = YES;
				GCC_C_LANGUAGE_STANDARD = gnu17;
				GCC_DYNAMIC_NO_PIC = NO;
				GCC_NO_COMMON_BLOCKS = YES;
				GCC_OPTIMIZATION_LEVEL = 0;
				GCC_PREPROCESSOR_DEFINITIONS = (
					"DEBUG=1",
					"$(inherited)",
				);
				GCC_WARN_64_TO_32_BIT_CONVERSION = YES;
				GCC_WARN_ABOUT_RETURN_TYPE = YES_ERROR;
				GCC_WARN_UNDECLARED_SELECTOR = YES;
				GCC_WARN_UNINITIALIZED_AUTOS = YES_AGGRESSIVE;
				GCC_WARN_UNUSED_FUNCTION = YES;
				GCC_WARN_UNUSED_VARIABLE = YES;
				IPHONEOS_DEPLOYMENT_TARGET = 17.2;
				LOCALIZATION_PREFERS_STRING_CATALOGS = YES;
				MTL_ENABLE_DEBUG_INFO = INCLUDE_SOURCE;
				MTL_FAST_MATH = YES;
				ONLY_ACTIVE_ARCH = YES;
				SDKROOT = iphoneos;
				SWIFT_ACTIVE_COMPILATION_CONDITIONS = "DEBUG $(inherited)";
				SWIFT_OPTIMIZATION_LEVEL = "-Onone";
			};
			name = Debug;
		};
		AC9FC5932B9F0CFA006B2DC5 /* Release */ = {
			isa = XCBuildConfiguration;
			buildSettings = {
				ALWAYS_SEARCH_USER_PATHS = NO;
				ASSETCATALOG_COMPILER_GENERATE_SWIFT_ASSET_SYMBOL_EXTENSIONS = YES;
				CLANG_ANALYZER_NONNULL = YES;
				CLANG_ANALYZER_NUMBER_OBJECT_CONVERSION = YES_AGGRESSIVE;
				CLANG_CXX_LANGUAGE_STANDARD = "gnu++20";
				CLANG_ENABLE_MODULES = YES;
				CLANG_ENABLE_OBJC_ARC = YES;
				CLANG_ENABLE_OBJC_WEAK = YES;
				CLANG_WARN_BLOCK_CAPTURE_AUTORELEASING = YES;
				CLANG_WARN_BOOL_CONVERSION = YES;
				CLANG_WARN_COMMA = YES;
				CLANG_WARN_CONSTANT_CONVERSION = YES;
				CLANG_WARN_DEPRECATED_OBJC_IMPLEMENTATIONS = YES;
				CLANG_WARN_DIRECT_OBJC_ISA_USAGE = YES_ERROR;
				CLANG_WARN_DOCUMENTATION_COMMENTS = YES;
				CLANG_WARN_EMPTY_BODY = YES;
				CLANG_WARN_ENUM_CONVERSION = YES;
				CLANG_WARN_INFINITE_RECURSION = YES;
				CLANG_WARN_INT_CONVERSION = YES;
				CLANG_WARN_NON_LITERAL_NULL_CONVERSION = YES;
				CLANG_WARN_OBJC_IMPLICIT_RETAIN_SELF = YES;
				CLANG_WARN_OBJC_LITERAL_CONVERSION = YES;
				CLANG_WARN_OBJC_ROOT_CLASS = YES_ERROR;
				CLANG_WARN_QUOTED_INCLUDE_IN_FRAMEWORK_HEADER = YES;
				CLANG_WARN_RANGE_LOOP_ANALYSIS = YES;
				CLANG_WARN_STRICT_PROTOTYPES = YES;
				CLANG_WARN_SUSPICIOUS_MOVE = YES;
				CLANG_WARN_UNGUARDED_AVAILABILITY = YES_AGGRESSIVE;
				CLANG_WARN_UNREACHABLE_CODE = YES;
				CLANG_WARN__DUPLICATE_METHOD_MATCH = YES;
				COPY_PHASE_STRIP = NO;
				DEBUG_INFORMATION_FORMAT = "dwarf-with-dsym";
				ENABLE_NS_ASSERTIONS = NO;
				ENABLE_STRICT_OBJC_MSGSEND = YES;
				ENABLE_USER_SCRIPT_SANDBOXING = YES;
				GCC_C_LANGUAGE_STANDARD = gnu17;
				GCC_NO_COMMON_BLOCKS = YES;
				GCC_WARN_64_TO_32_BIT_CONVERSION = YES;
				GCC_WARN_ABOUT_RETURN_TYPE = YES_ERROR;
				GCC_WARN_UNDECLARED_SELECTOR = YES;
				GCC_WARN_UNINITIALIZED_AUTOS = YES_AGGRESSIVE;
				GCC_WARN_UNUSED_FUNCTION = YES;
				GCC_WARN_UNUSED_VARIABLE = YES;
				IPHONEOS_DEPLOYMENT_TARGET = 17.2;
				LOCALIZATION_PREFERS_STRING_CATALOGS = YES;
				MTL_ENABLE_DEBUG_INFO = NO;
				MTL_FAST_MATH = YES;
				SDKROOT = iphoneos;
				SWIFT_COMPILATION_MODE = wholemodule;
				VALIDATE_PRODUCT = YES;
			};
			name = Release;
		};
		AC9FC5952B9F0CFA006B2DC5 /* Debug */ = {
			isa = XCBuildConfiguration;
			buildSettings = {
				ASSETCATALOG_COMPILER_APPICON_NAME = AppIcon;
				ASSETCATALOG_COMPILER_GLOBAL_ACCENT_COLOR_NAME = AccentColor;
				CODE_SIGN_STYLE = Automatic;
				CURRENT_PROJECT_VERSION = 1;
				DEVELOPMENT_TEAM = D4R9788Y8X;
				GENERATE_INFOPLIST_FILE = YES;
				INFOPLIST_FILE = /Users/Artem/Desktop/Project/DotaHeroes/DotaHeroes/Info.plist;
				INFOPLIST_KEY_UIApplicationSupportsIndirectInputEvents = YES;
				INFOPLIST_KEY_UILaunchStoryboardName = LaunchScreen;
				INFOPLIST_KEY_UIMainStoryboardFile = Main;
				INFOPLIST_KEY_UISupportedInterfaceOrientations = UIInterfaceOrientationPortrait;
				INFOPLIST_KEY_UISupportedInterfaceOrientations_iPad = "UIInterfaceOrientationLandscapeLeft UIInterfaceOrientationLandscapeRight UIInterfaceOrientationPortrait UIInterfaceOrientationPortraitUpsideDown";
				IPHONEOS_DEPLOYMENT_TARGET = 15.0;
				LD_RUNPATH_SEARCH_PATHS = (
					"$(inherited)",
					"@executable_path/Frameworks",
				);
				MARKETING_VERSION = 1.0;
				PRODUCT_BUNDLE_IDENTIFIER = AM.DotaHeroes;
				PRODUCT_NAME = "$(TARGET_NAME)";
				SUPPORTED_PLATFORMS = "iphoneos iphonesimulator";
				SUPPORTS_MACCATALYST = NO;
				SUPPORTS_MAC_DESIGNED_FOR_IPHONE_IPAD = NO;
				SUPPORTS_XR_DESIGNED_FOR_IPHONE_IPAD = NO;
				SWIFT_EMIT_LOC_STRINGS = YES;
				SWIFT_VERSION = 5.0;
				TARGETED_DEVICE_FAMILY = 1;
			};
			name = Debug;
		};
		AC9FC5962B9F0CFA006B2DC5 /* Release */ = {
			isa = XCBuildConfiguration;
			buildSettings = {
				ASSETCATALOG_COMPILER_APPICON_NAME = AppIcon;
				ASSETCATALOG_COMPILER_GLOBAL_ACCENT_COLOR_NAME = AccentColor;
				CODE_SIGN_STYLE = Automatic;
				CURRENT_PROJECT_VERSION = 1;
				DEVELOPMENT_TEAM = D4R9788Y8X;
				GENERATE_INFOPLIST_FILE = YES;
				INFOPLIST_FILE = /Users/Artem/Desktop/Project/DotaHeroes/DotaHeroes/Info.plist;
				INFOPLIST_KEY_UIApplicationSupportsIndirectInputEvents = YES;
				INFOPLIST_KEY_UILaunchStoryboardName = LaunchScreen;
				INFOPLIST_KEY_UIMainStoryboardFile = Main;
				INFOPLIST_KEY_UISupportedInterfaceOrientations = UIInterfaceOrientationPortrait;
				INFOPLIST_KEY_UISupportedInterfaceOrientations_iPad = "UIInterfaceOrientationLandscapeLeft UIInterfaceOrientationLandscapeRight UIInterfaceOrientationPortrait UIInterfaceOrientationPortraitUpsideDown";
				IPHONEOS_DEPLOYMENT_TARGET = 15.0;
				LD_RUNPATH_SEARCH_PATHS = (
					"$(inherited)",
					"@executable_path/Frameworks",
				);
				MARKETING_VERSION = 1.0;
				PRODUCT_BUNDLE_IDENTIFIER = AM.DotaHeroes;
				PRODUCT_NAME = "$(TARGET_NAME)";
				SUPPORTED_PLATFORMS = "iphoneos iphonesimulator";
				SUPPORTS_MACCATALYST = NO;
				SUPPORTS_MAC_DESIGNED_FOR_IPHONE_IPAD = NO;
				SUPPORTS_XR_DESIGNED_FOR_IPHONE_IPAD = NO;
				SWIFT_EMIT_LOC_STRINGS = YES;
				SWIFT_VERSION = 5.0;
				TARGETED_DEVICE_FAMILY = 1;
			};
			name = Release;
		};
/* End XCBuildConfiguration section */

/* Begin XCConfigurationList section */
		AC9FC57B2B9F0CF9006B2DC5 /* Build configuration list for PBXProject "DotaHeroes" */ = {
			isa = XCConfigurationList;
			buildConfigurations = (
				AC9FC5922B9F0CFA006B2DC5 /* Debug */,
				AC9FC5932B9F0CFA006B2DC5 /* Release */,
			);
			defaultConfigurationIsVisible = 0;
			defaultConfigurationName = Release;
		};
		AC9FC5942B9F0CFA006B2DC5 /* Build configuration list for PBXNativeTarget "DotaHeroes" */ = {
			isa = XCConfigurationList;
			buildConfigurations = (
				AC9FC5952B9F0CFA006B2DC5 /* Debug */,
				AC9FC5962B9F0CFA006B2DC5 /* Release */,
			);
			defaultConfigurationIsVisible = 0;
			defaultConfigurationName = Release;
		};
/* End XCConfigurationList section */
	};
	rootObject = AC9FC5782B9F0CF9006B2DC5 /* Project object */;
}
